
Microsoft Visual Studio Solution File, Format Version 12.00
# Visual Studio 15
VisualStudioVersion = 15.0.26730.8
MinimumVisualStudioVersion = 10.0.40219.1
Project("{FAE04EC0-301F-11D3-BF4B-00C04F79EFBC}") = "MailSendingService", "MailSendingService\MailSendingService.csproj", "{511BFEF3-6290-47AE-94BE-236B7198F42F}"
EndProject
Project("{2150E333-8FDC-42A3-9474-1A3956D46DE8}") = "Solution Items", "Solution Items", "{05D0BC81-4DC7-4C2C-B4F2-7E8F4F225E68}"
	ProjectSection(SolutionItems) = preProject
		.gitignore = .gitignore
		pwd.md = pwd.md
	EndProjectSection
EndProject
Project("{FAE04EC0-301F-11D3-BF4B-00C04F79EFBC}") = "MailGunSendingService", "MailGunSendingService\MailGunSendingService.csproj", "{B1FD9AD7-6B8A-4741-8C33-36F9D4DD949E}"
EndProject
Project("{FAE04EC0-301F-11D3-BF4B-00C04F79EFBC}") = "MailJetSendingService", "MailJetSendingService\MailJetSendingService.csproj", "{2A05884A-32D3-43AA-92A1-9607A7634B5D}"
EndProject
Global
	GlobalSection(SolutionConfigurationPlatforms) = preSolution
		Debug|Any CPU = Debug|Any CPU
		Release|Any CPU = Release|Any CPU
	EndGlobalSection
	GlobalSection(ProjectConfigurationPlatforms) = postSolution
		{511BFEF3-6290-47AE-94BE-236B7198F42F}.Debug|Any CPU.ActiveCfg = Debug|Any CPU
		{511BFEF3-6290-47AE-94BE-236B7198F42F}.Debug|Any CPU.Build.0 = Debug|Any CPU
		{511BFEF3-6290-47AE-94BE-236B7198F42F}.Release|Any CPU.ActiveCfg = Release|Any CPU
		{511BFEF3-6290-47AE-94BE-236B7198F42F}.Release|Any CPU.Build.0 = Release|Any CPU
		{B1FD9AD7-6B8A-4741-8C33-36F9D4DD949E}.Debug|Any CPU.ActiveCfg = Debug|Any CPU
		{B1FD9AD7-6B8A-4741-8C33-36F9D4DD949E}.Debug|Any CPU.Build.0 = Debug|Any CPU
		{B1FD9AD7-6B8A-4741-8C33-36F9D4DD949E}.Release|Any CPU.ActiveCfg = Release|Any CPU
		{B1FD9AD7-6B8A-4741-8C33-36F9D4DD949E}.Release|Any CPU.Build.0 = Release|Any CPU
		{2A05884A-32D3-43AA-92A1-9607A7634B5D}.Debug|Any CPU.ActiveCfg = Debug|Any CPU
		{2A05884A-32D3-43AA-92A1-9607A7634B5D}.Debug|Any CPU.Build.0 = Debug|Any CPU
		{2A05884A-32D3-43AA-92A1-9607A7634B5D}.Release|Any CPU.ActiveCfg = Release|Any CPU
		{2A05884A-32D3-43AA-92A1-9607A7634B5D}.Release|Any CPU.Build.0 = Release|Any CPU
	EndGlobalSection
	GlobalSection(SolutionProperties) = preSolution
		HideSolutionNode = FALSE
	EndGlobalSection
	GlobalSection(ExtensibilityGlobals) = postSolution
		SolutionGuid = {8E7AE97E-6E03-4D3D-872C-5959D71DF7D4}
	EndGlobalSection
EndGlobal
