Microsoft Visual Studio Solution File, Format Version 12.00
# Visual Studio 2012
Project("{FAE04EC0-301F-11D3-BF4B-00C04F79EFBC}") = "DahlMapUI", "FrontEnd\DahlMapUI.csproj", "{D2577A67-C119-418E-AB64-502E83320805}"
EndProject
Project("{FAE04EC0-301F-11D3-BF4B-00C04F79EFBC}") = "Lithium", "Lithium\Lithium.csproj", "{A4FA73C1-2527-4EF9-ACFE-3072386100DC}"
EndProject
Global
	GlobalSection(SolutionConfigurationPlatforms) = preSolution
		Debug|Any CPU = Debug|Any CPU
		Release|Any CPU = Release|Any CPU
	EndGlobalSection
	GlobalSection(ProjectConfigurationPlatforms) = postSolution
		{D2577A67-C119-418E-AB64-502E83320805}.Debug|Any CPU.ActiveCfg = Debug|Any CPU
		{D2577A67-C119-418E-AB64-502E83320805}.Debug|Any CPU.Build.0 = Debug|Any CPU
		{D2577A67-C119-418E-AB64-502E83320805}.Release|Any CPU.ActiveCfg = Release|Any CPU
		{D2577A67-C119-418E-AB64-502E83320805}.Release|Any CPU.Build.0 = Release|Any CPU
		{A4FA73C1-2527-4EF9-ACFE-3072386100DC}.Debug|Any CPU.ActiveCfg = Debug|Any CPU
		{A4FA73C1-2527-4EF9-ACFE-3072386100DC}.Debug|Any CPU.Build.0 = Debug|Any CPU
		{A4FA73C1-2527-4EF9-ACFE-3072386100DC}.Release|Any CPU.ActiveCfg = Release|Any CPU
		{A4FA73C1-2527-4EF9-ACFE-3072386100DC}.Release|Any CPU.Build.0 = Release|Any CPU
	EndGlobalSection
	GlobalSection(SolutionProperties) = preSolution
		HideSolutionNode = FALSE
	EndGlobalSection
EndGlobal
